// !$*UTF8*$!
{
	archiveVersion = 1;
	classes = {
	};
	objectVersion = 50;
	objects = {

/* Begin PBXBuildFile section */
		401396B7269B090F0099511E /* AVAudioFile+duration.swift in Sources */ = {isa = PBXBuildFile; fileRef = 401396B6269B090F0099511E /* AVAudioFile+duration.swift */; };
		404B33B126AC55B800C3E764 /* SpeechError.swift in Sources */ = {isa = PBXBuildFile; fileRef = 404B33B026AC55B800C3E764 /* SpeechError.swift */; };
		4061DCFF26935B3B007E0F2E /* AppDelegate.swift in Sources */ = {isa = PBXBuildFile; fileRef = 4061DCFE26935B3B007E0F2E /* AppDelegate.swift */; };
		4061DD0126935B3B007E0F2E /* SceneDelegate.swift in Sources */ = {isa = PBXBuildFile; fileRef = 4061DD0026935B3B007E0F2E /* SceneDelegate.swift */; };
		4061DD0326935B3B007E0F2E /* LiveSpeechViewController.swift in Sources */ = {isa = PBXBuildFile; fileRef = 4061DD0226935B3B007E0F2E /* LiveSpeechViewController.swift */; };
		4061DD0626935B3B007E0F2E /* Main.storyboard in Resources */ = {isa = PBXBuildFile; fileRef = 4061DD0426935B3B007E0F2E /* Main.storyboard */; };
		4061DD0826935B3E007E0F2E /* Assets.xcassets in Resources */ = {isa = PBXBuildFile; fileRef = 4061DD0726935B3E007E0F2E /* Assets.xcassets */; };
		4061DD0B26935B3E007E0F2E /* LaunchScreen.storyboard in Resources */ = {isa = PBXBuildFile; fileRef = 4061DD0926935B3E007E0F2E /* LaunchScreen.storyboard */; };
		4061DD1326971391007E0F2E /* RecordSpeechViewController.swift in Sources */ = {isa = PBXBuildFile; fileRef = 4061DD1226971391007E0F2E /* RecordSpeechViewController.swift */; };
/* End PBXBuildFile section */

/* Begin PBXFileReference section */
		401396B6269B090F0099511E /* AVAudioFile+duration.swift */ = {isa = PBXFileReference; lastKnownFileType = sourcecode.swift; path = "AVAudioFile+duration.swift"; sourceTree = "<group>"; };
		404B33B026AC55B800C3E764 /* SpeechError.swift */ = {isa = PBXFileReference; lastKnownFileType = sourcecode.swift; path = SpeechError.swift; sourceTree = "<group>"; };
		4061DCFB26935B3B007E0F2E /* SpeechToTextPractice.app */ = {isa = PBXFileReference; explicitFileType = wrapper.application; includeInIndex = 0; path = SpeechToTextPractice.app; sourceTree = BUILT_PRODUCTS_DIR; };
		4061DCFE26935B3B007E0F2E /* AppDelegate.swift */ = {isa = PBXFileReference; lastKnownFileType = sourcecode.swift; path = AppDelegate.swift; sourceTree = "<group>"; };
		4061DD0026935B3B007E0F2E /* SceneDelegate.swift */ = {isa = PBXFileReference; lastKnownFileType = sourcecode.swift; path = SceneDelegate.swift; sourceTree = "<group>"; };
		4061DD0226935B3B007E0F2E /* LiveSpeechViewController.swift */ = {isa = PBXFileReference; lastKnownFileType = sourcecode.swift; path = LiveSpeechViewController.swift; sourceTree = "<group>"; };
		4061DD0526935B3B007E0F2E /* Base */ = {isa = PBXFileReference; lastKnownFileType = file.storyboard; name = Base; path = Base.lproj/Main.storyboard; sourceTree = "<group>"; };
		4061DD0726935B3E007E0F2E /* Assets.xcassets */ = {isa = PBXFileReference; lastKnownFileType = folder.assetcatalog; path = Assets.xcassets; sourceTree = "<group>"; };
		4061DD0A26935B3E007E0F2E /* Base */ = {isa = PBXFileReference; lastKnownFileType = file.storyboard; name = Base; path = Base.lproj/LaunchScreen.storyboard; sourceTree = "<group>"; };
		4061DD0C26935B3E007E0F2E /* Info.plist */ = {isa = PBXFileReference; lastKnownFileType = text.plist.xml; path = Info.plist; sourceTree = "<group>"; };
		4061DD1226971391007E0F2E /* RecordSpeechViewController.swift */ = {isa = PBXFileReference; lastKnownFileType = sourcecode.swift; path = RecordSpeechViewController.swift; sourceTree = "<group>"; };
/* End PBXFileReference section */

/* Begin PBXFrameworksBuildPhase section */
		4061DCF826935B3B007E0F2E /* Frameworks */ = {
			isa = PBXFrameworksBuildPhase;
			buildActionMask = 2147483647;
			files = (
			);
			runOnlyForDeploymentPostprocessing = 0;
		};
/* End PBXFrameworksBuildPhase section */

/* Begin PBXGroup section */
		4061DCF226935B3B007E0F2E = {
			isa = PBXGroup;
			children = (
				4061DCFD26935B3B007E0F2E /* SpeechToTextPractice */,
				4061DCFC26935B3B007E0F2E /* Products */,
			);
			sourceTree = "<group>";
		};
		4061DCFC26935B3B007E0F2E /* Products */ = {
			isa = PBXGroup;
			children = (
				4061DCFB26935B3B007E0F2E /* SpeechToTextPractice.app */,
			);
			name = Products;
			sourceTree = "<group>";
		};
		4061DCFD26935B3B007E0F2E /* SpeechToTextPractice */ = {
			isa = PBXGroup;
			children = (
				401396B6269B090F0099511E /* AVAudioFile+duration.swift */,
				4061DCFE26935B3B007E0F2E /* AppDelegate.swift */,
				4061DD0026935B3B007E0F2E /* SceneDelegate.swift */,
				4061DD0226935B3B007E0F2E /* LiveSpeechViewController.swift */,
				4061DD0426935B3B007E0F2E /* Main.storyboard */,
				4061DD1226971391007E0F2E /* RecordSpeechViewController.swift */,
				404B33B026AC55B800C3E764 /* SpeechError.swift */,
				4061DD0726935B3E007E0F2E /* Assets.xcassets */,
				4061DD0926935B3E007E0F2E /* LaunchScreen.storyboard */,
				4061DD0C26935B3E007E0F2E /* Info.plist */,
			);
			path = SpeechToTextPractice;
			sourceTree = "<group>";
		};
/* End PBXGroup section */

/* Begin PBXNativeTarget section */
		4061DCFA26935B3B007E0F2E /* SpeechToTextPractice */ = {
			isa = PBXNativeTarget;
			buildConfigurationList = 4061DD0F26935B3E007E0F2E /* Build configuration list for PBXNativeTarget "SpeechToTextPractice" */;
			buildPhases = (
				4061DCF726935B3B007E0F2E /* Sources */,
				4061DCF826935B3B007E0F2E /* Frameworks */,
				4061DCF926935B3B007E0F2E /* Resources */,
			);
			buildRules = (
			);
			dependencies = (
			);
			name = SpeechToTextPractice;
			productName = SpeechToTextPractice;
			productReference = 4061DCFB26935B3B007E0F2E /* SpeechToTextPractice.app */;
			productType = "com.apple.product-type.application";
		};
/* End PBXNativeTarget section */

/* Begin PBXProject section */
		4061DCF326935B3B007E0F2E /* Project object */ = {
			isa = PBXProject;
			attributes = {
				LastSwiftUpdateCheck = 1250;
				LastUpgradeCheck = 1250;
				TargetAttributes = {
					4061DCFA26935B3B007E0F2E = {
						CreatedOnToolsVersion = 12.5.1;
					};
				};
			};
			buildConfigurationList = 4061DCF626935B3B007E0F2E /* Build configuration list for PBXProject "SpeechToTextPractice" */;
			compatibilityVersion = "Xcode 9.3";
			developmentRegion = en;
			hasScannedForEncodings = 0;
			knownRegions = (
				en,
				Base,
			);
			mainGroup = 4061DCF226935B3B007E0F2E;
			productRefGroup = 4061DCFC26935B3B007E0F2E /* Products */;
			projectDirPath = "";
			projectRoot = "";
			targets = (
				4061DCFA26935B3B007E0F2E /* SpeechToTextPractice */,
			);
		};
/* End PBXProject section */

/* Begin PBXResourcesBuildPhase section */
		4061DCF926935B3B007E0F2E /* Resources */ = {
			isa = PBXResourcesBuildPhase;
			buildActionMask = 2147483647;
			files = (
				4061DD0B26935B3E007E0F2E /* LaunchScreen.storyboard in Resources */,
				4061DD0826935B3E007E0F2E /* Assets.xcassets in Resources */,
				4061DD0626935B3B007E0F2E /* Main.storyboard in Resources */,
			);
			runOnlyForDeploymentPostprocessing = 0;
		};
/* End PBXResourcesBuildPhase section */

/* Begin PBXSourcesBuildPhase section */
		4061DCF726935B3B007E0F2E /* Sources */ = {
			isa = PBXSourcesBuildPhase;
			buildActionMask = 2147483647;
			files = (
				4061DD0326935B3B007E0F2E /* LiveSpeechViewController.swift in Sources */,
				4061DCFF26935B3B007E0F2E /* AppDelegate.swift in Sources */,
				404B33B126AC55B800C3E764 /* SpeechError.swift in Sources */,
				401396B7269B090F0099511E /* AVAudioFile+duration.swift in Sources */,
				4061DD1326971391007E0F2E /* RecordSpeechViewController.swift in Sources */,
				4061DD0126935B3B007E0F2E /* SceneDelegate.swift in Sources */,
			);
			runOnlyForDeploymentPostprocessing = 0;
		};
/* End PBXSourcesBuildPhase section */

/* Begin PBXVariantGroup section */
		4061DD0426935B3B007E0F2E /* Main.storyboard */ = {
			isa = PBXVariantGroup;
			children = (
				4061DD0526935B3B007E0F2E /* Base */,
			);
			name = Main.storyboard;
			sourceTree = "<group>";
		};
		4061DD0926935B3E007E0F2E /* LaunchScreen.storyboard */ = {
			isa = PBXVariantGroup;
			children = (
				4061DD0A26935B3E007E0F2E /* Base */,
			);
			name = LaunchScreen.storyboard;
			sourceTree = "<group>";
		};
/* End PBXVariantGroup section */

/* Begin XCBuildConfiguration section */
		4061DD0D26935B3E007E0F2E /* Debug */ = {
			isa = XCBuildConfiguration;
			buildSettings = {
				ALWAYS_SEARCH_USER_PATHS = NO;
				CLANG_ANALYZER_NONNULL = YES;
				CLANG_ANALYZER_NUMBER_OBJECT_CONVERSION = YES_AGGRESSIVE;
				CLANG_CXX_LANGUAGE_STANDARD = "gnu++14";
				CLANG_CXX_LIBRARY = "libc++";
				CLANG_ENABLE_MODULES = YES;
				CLANG_ENABLE_OBJC_ARC = YES;
				CLANG_ENABLE_OBJC_WEAK = YES;
				CLANG_WARN_BLOCK_CAPTURE_AUTORELEASING = YES;
				CLANG_WARN_BOOL_CONVERSION = YES;
				CLANG_WARN_COMMA = YES;
				CLANG_WARN_CONSTANT_CONVERSION = YES;
				CLANG_WARN_DEPRECATED_OBJC_IMPLEMENTATIONS = YES;
				CLANG_WARN_DIRECT_OBJC_ISA_USAGE = YES_ERROR;
				CLANG_WARN_DOCUMENTATION_COMMENTS = YES;
				CLANG_WARN_EMPTY_BODY = YES;
				CLANG_WARN_ENUM_CONVERSION = YES;
				CLANG_WARN_INFINITE_RECURSION = YES;
				CLANG_WARN_INT_CONVERSION = YES;
				CLANG_WARN_NON_LITERAL_NULL_CONVERSION = YES;
				CLANG_WARN_OBJC_IMPLICIT_RETAIN_SELF = YES;
				CLANG_WARN_OBJC_LITERAL_CONVERSION = YES;
				CLANG_WARN_OBJC_ROOT_CLASS = YES_ERROR;
				CLANG_WARN_QUOTED_INCLUDE_IN_FRAMEWORK_HEADER = YES;
				CLANG_WARN_RANGE_LOOP_ANALYSIS = YES;
				CLANG_WARN_STRICT_PROTOTYPES = YES;
				CLANG_WARN_SUSPICIOUS_MOVE = YES;
				CLANG_WARN_UNGUARDED_AVAILABILITY = YES_AGGRESSIVE;
				CLANG_WARN_UNREACHABLE_CODE = YES;
				CLANG_WARN__DUPLICATE_METHOD_MATCH = YES;
				COPY_PHASE_STRIP = NO;
				DEBUG_INFORMATION_FORMAT = dwarf;
				ENABLE_STRICT_OBJC_MSGSEND = YES;
				ENABLE_TESTABILITY = YES;
				GCC_C_LANGUAGE_STANDARD = gnu11;
				GCC_DYNAMIC_NO_PIC = NO;
				GCC_NO_COMMON_BLOCKS = YES;
				GCC_OPTIMIZATION_LEVEL = 0;
				GCC_PREPROCESSOR_DEFINITIONS = (
					"DEBUG=1",
					"$(inherited)",
				);
				GCC_WARN_64_TO_32_BIT_CONVERSION = YES;
				GCC_WARN_ABOUT_RETURN_TYPE = YES_ERROR;
				GCC_WARN_UNDECLARED_SELECTOR = YES;
				GCC_WARN_UNINITIALIZED_AUTOS = YES_AGGRESSIVE;
				GCC_WARN_UNUSED_FUNCTION = YES;
				GCC_WARN_UNUSED_VARIABLE = YES;
				IPHONEOS_DEPLOYMENT_TARGET = 14.5;
				MTL_ENABLE_DEBUG_INFO = INCLUDE_SOURCE;
				MTL_FAST_MATH = YES;
				ONLY_ACTIVE_ARCH = YES;
				SDKROOT = iphoneos;
				SWIFT_ACTIVE_COMPILATION_CONDITIONS = DEBUG;
				SWIFT_OPTIMIZATION_LEVEL = "-Onone";
			};
			name = Debug;
		};
		4061DD0E26935B3E007E0F2E /* Release */ = {
			isa = XCBuildConfiguration;
			buildSettings = {
				ALWAYS_SEARCH_USER_PATHS = NO;
				CLANG_ANALYZER_NONNULL = YES;
				CLANG_ANALYZER_NUMBER_OBJECT_CONVERSION = YES_AGGRESSIVE;
				CLANG_CXX_LANGUAGE_STANDARD = "gnu++14";
				CLANG_CXX_LIBRARY = "libc++";
				CLANG_ENABLE_MODULES = YES;
				CLANG_ENABLE_OBJC_ARC = YES;
				CLANG_ENABLE_OBJC_WEAK = YES;
				CLANG_WARN_BLOCK_CAPTURE_AUTORELEASING = YES;
				CLANG_WARN_BOOL_CONVERSION = YES;
				CLANG_WARN_COMMA = YES;
				CLANG_WARN_CONSTANT_CONVERSION = YES;
				CLANG_WARN_DEPRECATED_OBJC_IMPLEMENTATIONS = YES;
				CLANG_WARN_DIRECT_OBJC_ISA_USAGE = YES_ERROR;
				CLANG_WARN_DOCUMENTATION_COMMENTS = YES;
				CLANG_WARN_EMPTY_BODY = YES;
				CLANG_WARN_ENUM_CONVERSION = YES;
				CLANG_WARN_INFINITE_RECURSION = YES;
				CLANG_WARN_INT_CONVERSION = YES;
				CLANG_WARN_NON_LITERAL_NULL_CONVERSION = YES;
				CLANG_WARN_OBJC_IMPLICIT_RETAIN_SELF = YES;
				CLANG_WARN_OBJC_LITERAL_CONVERSION = YES;
				CLANG_WARN_OBJC_ROOT_CLASS = YES_ERROR;
				CLANG_WARN_QUOTED_INCLUDE_IN_FRAMEWORK_HEADER = YES;
				CLANG_WARN_RANGE_LOOP_ANALYSIS = YES;
				CLANG_WARN_STRICT_PROTOTYPES = YES;
				CLANG_WARN_SUSPICIOUS_MOVE = YES;
				CLANG_WARN_UNGUARDED_AVAILABILITY = YES_AGGRESSIVE;
				CLANG_WARN_UNREACHABLE_CODE = YES;
				CLANG_WARN__DUPLICATE_METHOD_MATCH = YES;
				COPY_PHASE_STRIP = NO;
				DEBUG_INFORMATION_FORMAT = "dwarf-with-dsym";
				ENABLE_NS_ASSERTIONS = NO;
				ENABLE_STRICT_OBJC_MSGSEND = YES;
				GCC_C_LANGUAGE_STANDARD = gnu11;
				GCC_NO_COMMON_BLOCKS = YES;
				GCC_WARN_64_TO_32_BIT_CONVERSION = YES;
				GCC_WARN_ABOUT_RETURN_TYPE = YES_ERROR;
				GCC_WARN_UNDECLARED_SELECTOR = YES;
				GCC_WARN_UNINITIALIZED_AUTOS = YES_AGGRESSIVE;
				GCC_WARN_UNUSED_FUNCTION = YES;
				GCC_WARN_UNUSED_VARIABLE = YES;
				IPHONEOS_DEPLOYMENT_TARGET = 14.5;
				MTL_ENABLE_DEBUG_INFO = NO;
				MTL_FAST_MATH = YES;
				SDKROOT = iphoneos;
				SWIFT_COMPILATION_MODE = wholemodule;
				SWIFT_OPTIMIZATION_LEVEL = "-O";
				VALIDATE_PRODUCT = YES;
			};
			name = Release;
		};
		4061DD1026935B3E007E0F2E /* Debug */ = {
			isa = XCBuildConfiguration;
			buildSettings = {
				ASSETCATALOG_COMPILER_APPICON_NAME = AppIcon;
				ASSETCATALOG_COMPILER_GLOBAL_ACCENT_COLOR_NAME = AccentColor;
				CODE_SIGN_IDENTITY = "Apple Development";
				CODE_SIGN_STYLE = Automatic;
				DEVELOPMENT_TEAM = YJQB6Z2VPH;
				INFOPLIST_FILE = SpeechToTextPractice/Info.plist;
				LD_RUNPATH_SEARCH_PATHS = (
					"$(inherited)",
					"@executable_path/Frameworks",
				);
				PRODUCT_BUNDLE_IDENTIFIER = com.sweethoneybee.SpeechToTextPractice;
				PRODUCT_NAME = "$(TARGET_NAME)";
				PROVISIONING_PROFILE_SPECIFIER = "";
				SWIFT_VERSION = 5.0;
				TARGETED_DEVICE_FAMILY = "1,2";
			};
			name = Debug;
		};
		4061DD1126935B3E007E0F2E /* Release */ = {
			isa = XCBuildConfiguration;
			buildSettings = {
				ASSETCATALOG_COMPILER_APPICON_NAME = AppIcon;
				ASSETCATALOG_COMPILER_GLOBAL_ACCENT_COLOR_NAME = AccentColor;
				CODE_SIGN_IDENTITY = "Apple Development";
				CODE_SIGN_STYLE = Automatic;
				DEVELOPMENT_TEAM = YJQB6Z2VPH;
				INFOPLIST_FILE = SpeechToTextPractice/Info.plist;
				LD_RUNPATH_SEARCH_PATHS = (
					"$(inherited)",
					"@executable_path/Frameworks",
				);
				PRODUCT_BUNDLE_IDENTIFIER = com.sweethoneybee.SpeechToTextPractice;
				PRODUCT_NAME = "$(TARGET_NAME)";
				PROVISIONING_PROFILE_SPECIFIER = "";
				SWIFT_VERSION = 5.0;
				TARGETED_DEVICE_FAMILY = "1,2";
			};
			name = Release;
		};
/* End XCBuildConfiguration section */

/* Begin XCConfigurationList section */
		4061DCF626935B3B007E0F2E /* Build configuration list for PBXProject "SpeechToTextPractice" */ = {
			isa = XCConfigurationList;
			buildConfigurations = (
				4061DD0D26935B3E007E0F2E /* Debug */,
				4061DD0E26935B3E007E0F2E /* Release */,
			);
			defaultConfigurationIsVisible = 0;
			defaultConfigurationName = Release;
		};
		4061DD0F26935B3E007E0F2E /* Build configuration list for PBXNativeTarget "SpeechToTextPractice" */ = {
			isa = XCConfigurationList;
			buildConfigurations = (
				4061DD1026935B3E007E0F2E /* Debug */,
				4061DD1126935B3E007E0F2E /* Release */,
			);
			defaultConfigurationIsVisible = 0;
			defaultConfigurationName = Release;
		};
/* End XCConfigurationList section */
	};
	rootObject = 4061DCF326935B3B007E0F2E /* Project object */;
}
